// !$*UTF8*$!
{
	archiveVersion = 1;
	classes = {
	};
	objectVersion = 50;
	objects = {

/* Begin PBXBuildFile section */
		821CF6FAB5C31137ACCE40BA /* libPods-CTCategories.a in Frameworks */ = {isa = PBXBuildFile; fileRef = 6DF25A68F95D5AB4B8B0E36E /* libPods-CTCategories.a */; };
		954D864D211D66FC000E3242 /* Target_B.m in Sources */ = {isa = PBXBuildFile; fileRef = 954D864C211D66FC000E3242 /* Target_B.m */; };
		954D8650211D6721000E3242 /* BViewController.m in Sources */ = {isa = PBXBuildFile; fileRef = 954D864F211D6721000E3242 /* BViewController.m */; };
		954D8653211D6835000E3242 /* UIViewController+BackGroundColor.m in Sources */ = {isa = PBXBuildFile; fileRef = 954D8652211D6835000E3242 /* UIViewController+BackGroundColor.m */; };
		95AF74EA211D24CF00D76D10 /* AppDelegate.m in Sources */ = {isa = PBXBuildFile; fileRef = 95AF74E9211D24CF00D76D10 /* AppDelegate.m */; };
		95AF74ED211D24CF00D76D10 /* ViewController.m in Sources */ = {isa = PBXBuildFile; fileRef = 95AF74EC211D24CF00D76D10 /* ViewController.m */; };
		95AF74F0211D24CF00D76D10 /* Main.storyboard in Resources */ = {isa = PBXBuildFile; fileRef = 95AF74EE211D24CF00D76D10 /* Main.storyboard */; };
		95AF74F2211D24E600D76D10 /* Assets.xcassets in Resources */ = {isa = PBXBuildFile; fileRef = 95AF74F1211D24E600D76D10 /* Assets.xcassets */; };
		95AF74F5211D24E600D76D10 /* LaunchScreen.storyboard in Resources */ = {isa = PBXBuildFile; fileRef = 95AF74F3211D24E600D76D10 /* LaunchScreen.storyboard */; };
		95AF74F8211D24E600D76D10 /* main.m in Sources */ = {isa = PBXBuildFile; fileRef = 95AF74F7211D24E600D76D10 /* main.m */; };
		95AF7502211D24E600D76D10 /* CTCategoriesTests.m in Sources */ = {isa = PBXBuildFile; fileRef = 95AF7501211D24E600D76D10 /* CTCategoriesTests.m */; };
		95AF750D211D24E600D76D10 /* CTCategoriesUITests.m in Sources */ = {isa = PBXBuildFile; fileRef = 95AF750C211D24E600D76D10 /* CTCategoriesUITests.m */; };
/* End PBXBuildFile section */

/* Begin PBXContainerItemProxy section */
		95AF74FE211D24E600D76D10 /* PBXContainerItemProxy */ = {
			isa = PBXContainerItemProxy;
			containerPortal = 95AF74DD211D24CE00D76D10 /* Project object */;
			proxyType = 1;
			remoteGlobalIDString = 95AF74E4211D24CF00D76D10;
			remoteInfo = CTCategories;
		};
		95AF7509211D24E600D76D10 /* PBXContainerItemProxy */ = {
			isa = PBXContainerItemProxy;
			containerPortal = 95AF74DD211D24CE00D76D10 /* Project object */;
			proxyType = 1;
			remoteGlobalIDString = 95AF74E4211D24CF00D76D10;
			remoteInfo = CTCategories;
		};
/* End PBXContainerItemProxy section */

/* Begin PBXFileReference section */
		2BF30BD6403883569681008A /* Pods-CTCategories.debug.xcconfig */ = {isa = PBXFileReference; includeInIndex = 1; lastKnownFileType = text.xcconfig; name = "Pods-CTCategories.debug.xcconfig"; path = "Pods/Target Support Files/Pods-CTCategories/Pods-CTCategories.debug.xcconfig"; sourceTree = "<group>"; };
		6DF25A68F95D5AB4B8B0E36E /* libPods-CTCategories.a */ = {isa = PBXFileReference; explicitFileType = archive.ar; includeInIndex = 0; path = "libPods-CTCategories.a"; sourceTree = BUILT_PRODUCTS_DIR; };
		954D864B211D66FC000E3242 /* Target_B.h */ = {isa = PBXFileReference; lastKnownFileType = sourcecode.c.h; path = Target_B.h; sourceTree = "<group>"; };
		954D864C211D66FC000E3242 /* Target_B.m */ = {isa = PBXFileReference; lastKnownFileType = sourcecode.c.objc; path = Target_B.m; sourceTree = "<group>"; };
		954D864E211D6721000E3242 /* BViewController.h */ = {isa = PBXFileReference; lastKnownFileType = sourcecode.c.h; path = BViewController.h; sourceTree = "<group>"; };
		954D864F211D6721000E3242 /* BViewController.m */ = {isa = PBXFileReference; lastKnownFileType = sourcecode.c.objc; path = BViewController.m; sourceTree = "<group>"; };
		954D8651211D6835000E3242 /* UIViewController+BackGroundColor.h */ = {isa = PBXFileReference; lastKnownFileType = sourcecode.c.h; path = "UIViewController+BackGroundColor.h"; sourceTree = "<group>"; };
		954D8652211D6835000E3242 /* UIViewController+BackGroundColor.m */ = {isa = PBXFileReference; lastKnownFileType = sourcecode.c.objc; path = "UIViewController+BackGroundColor.m"; sourceTree = "<group>"; };
		95AF74E5211D24CF00D76D10 /* CTCategories.app */ = {isa = PBXFileReference; explicitFileType = wrapper.application; includeInIndex = 0; path = CTCategories.app; sourceTree = BUILT_PRODUCTS_DIR; };
		95AF74E8211D24CF00D76D10 /* AppDelegate.h */ = {isa = PBXFileReference; lastKnownFileType = sourcecode.c.h; path = AppDelegate.h; sourceTree = "<group>"; };
		95AF74E9211D24CF00D76D10 /* AppDelegate.m */ = {isa = PBXFileReference; lastKnownFileType = sourcecode.c.objc; path = AppDelegate.m; sourceTree = "<group>"; };
		95AF74EB211D24CF00D76D10 /* ViewController.h */ = {isa = PBXFileReference; lastKnownFileType = sourcecode.c.h; path = ViewController.h; sourceTree = "<group>"; };
		95AF74EC211D24CF00D76D10 /* ViewController.m */ = {isa = PBXFileReference; lastKnownFileType = sourcecode.c.objc; path = ViewController.m; sourceTree = "<group>"; };
		95AF74EF211D24CF00D76D10 /* Base */ = {isa = PBXFileReference; lastKnownFileType = file.storyboard; name = Base; path = Base.lproj/Main.storyboard; sourceTree = "<group>"; };
		95AF74F1211D24E600D76D10 /* Assets.xcassets */ = {isa = PBXFileReference; lastKnownFileType = folder.assetcatalog; path = Assets.xcassets; sourceTree = "<group>"; };
		95AF74F4211D24E600D76D10 /* Base */ = {isa = PBXFileReference; lastKnownFileType = file.storyboard; name = Base; path = Base.lproj/LaunchScreen.storyboard; sourceTree = "<group>"; };
		95AF74F6211D24E600D76D10 /* Info.plist */ = {isa = PBXFileReference; lastKnownFileType = text.plist.xml; path = Info.plist; sourceTree = "<group>"; };
		95AF74F7211D24E600D76D10 /* main.m */ = {isa = PBXFileReference; lastKnownFileType = sourcecode.c.objc; path = main.m; sourceTree = "<group>"; };
		95AF74FD211D24E600D76D10 /* CTCategoriesTests.xctest */ = {isa = PBXFileReference; explicitFileType = wrapper.cfbundle; includeInIndex = 0; path = CTCategoriesTests.xctest; sourceTree = BUILT_PRODUCTS_DIR; };
		95AF7501211D24E600D76D10 /* CTCategoriesTests.m */ = {isa = PBXFileReference; lastKnownFileType = sourcecode.c.objc; path = CTCategoriesTests.m; sourceTree = "<group>"; };
		95AF7503211D24E600D76D10 /* Info.plist */ = {isa = PBXFileReference; lastKnownFileType = text.plist.xml; path = Info.plist; sourceTree = "<group>"; };
		95AF7508211D24E600D76D10 /* CTCategoriesUITests.xctest */ = {isa = PBXFileReference; explicitFileType = wrapper.cfbundle; includeInIndex = 0; path = CTCategoriesUITests.xctest; sourceTree = BUILT_PRODUCTS_DIR; };
		95AF750C211D24E600D76D10 /* CTCategoriesUITests.m */ = {isa = PBXFileReference; lastKnownFileType = sourcecode.c.objc; path = CTCategoriesUITests.m; sourceTree = "<group>"; };
		95AF750E211D24E600D76D10 /* Info.plist */ = {isa = PBXFileReference; lastKnownFileType = text.plist.xml; path = Info.plist; sourceTree = "<group>"; };
		D571FED52878649D20C1A2D0 /* Pods-CTCategories.release.xcconfig */ = {isa = PBXFileReference; includeInIndex = 1; lastKnownFileType = text.xcconfig; name = "Pods-CTCategories.release.xcconfig"; path = "Pods/Target Support Files/Pods-CTCategories/Pods-CTCategories.release.xcconfig"; sourceTree = "<group>"; };
/* End PBXFileReference section */

/* Begin PBXFrameworksBuildPhase section */
		95AF74E2211D24CF00D76D10 /* Frameworks */ = {
			isa = PBXFrameworksBuildPhase;
			buildActionMask = 2147483647;
			files = (
				821CF6FAB5C31137ACCE40BA /* libPods-CTCategories.a in Frameworks */,
			);
			runOnlyForDeploymentPostprocessing = 0;
		};
		95AF74FA211D24E600D76D10 /* Frameworks */ = {
			isa = PBXFrameworksBuildPhase;
			buildActionMask = 2147483647;
			files = (
			);
			runOnlyForDeploymentPostprocessing = 0;
		};
		95AF7505211D24E600D76D10 /* Frameworks */ = {
			isa = PBXFrameworksBuildPhase;
			buildActionMask = 2147483647;
			files = (
			);
			runOnlyForDeploymentPostprocessing = 0;
		};
/* End PBXFrameworksBuildPhase section */

/* Begin PBXGroup section */
		17764DC2B03610E792321E6F /* Pods */ = {
			isa = PBXGroup;
			children = (
				2BF30BD6403883569681008A /* Pods-CTCategories.debug.xcconfig */,
				D571FED52878649D20C1A2D0 /* Pods-CTCategories.release.xcconfig */,
			);
			name = Pods;
			sourceTree = "<group>";
		};
		954D8649211D66CC000E3242 /* B */ = {
			isa = PBXGroup;
			children = (
				954D864A211D66E8000E3242 /* Targets */,
				954D864E211D6721000E3242 /* BViewController.h */,
				954D864F211D6721000E3242 /* BViewController.m */,
			);
			path = B;
			sourceTree = "<group>";
		};
		954D864A211D66E8000E3242 /* Targets */ = {
			isa = PBXGroup;
			children = (
				954D864B211D66FC000E3242 /* Target_B.h */,
				954D864C211D66FC000E3242 /* Target_B.m */,
			);
			path = Targets;
			sourceTree = "<group>";
		};
		95AF74DC211D24CE00D76D10 = {
			isa = PBXGroup;
			children = (
				95AF74E7211D24CF00D76D10 /* CTCategories */,
				95AF7500211D24E600D76D10 /* CTCategoriesTests */,
				95AF750B211D24E600D76D10 /* CTCategoriesUITests */,
				95AF74E6211D24CF00D76D10 /* Products */,
				17764DC2B03610E792321E6F /* Pods */,
				A4C865DDBFE3918D23BA31B5 /* Frameworks */,
			);
			sourceTree = "<group>";
		};
		95AF74E6211D24CF00D76D10 /* Products */ = {
			isa = PBXGroup;
			children = (
				95AF74E5211D24CF00D76D10 /* CTCategories.app */,
				95AF74FD211D24E600D76D10 /* CTCategoriesTests.xctest */,
				95AF7508211D24E600D76D10 /* CTCategoriesUITests.xctest */,
			);
			name = Products;
			sourceTree = "<group>";
		};
		95AF74E7211D24CF00D76D10 /* CTCategories */ = {
			isa = PBXGroup;
			children = (
				954D8649211D66CC000E3242 /* B */,
				95AF74E8211D24CF00D76D10 /* AppDelegate.h */,
				95AF74E9211D24CF00D76D10 /* AppDelegate.m */,
				95AF74EB211D24CF00D76D10 /* ViewController.h */,
				95AF74EC211D24CF00D76D10 /* ViewController.m */,
				95AF74EE211D24CF00D76D10 /* Main.storyboard */,
				95AF74F1211D24E600D76D10 /* Assets.xcassets */,
				95AF74F3211D24E600D76D10 /* LaunchScreen.storyboard */,
				95AF74F6211D24E600D76D10 /* Info.plist */,
				95AF74F7211D24E600D76D10 /* main.m */,
				954D8651211D6835000E3242 /* UIViewController+BackGroundColor.h */,
				954D8652211D6835000E3242 /* UIViewController+BackGroundColor.m */,
			);
			path = CTCategories;
			sourceTree = "<group>";
		};
		95AF7500211D24E600D76D10 /* CTCategoriesTests */ = {
			isa = PBXGroup;
			children = (
				95AF7501211D24E600D76D10 /* CTCategoriesTests.m */,
				95AF7503211D24E600D76D10 /* Info.plist */,
			);
			path = CTCategoriesTests;
			sourceTree = "<group>";
		};
		95AF750B211D24E600D76D10 /* CTCategoriesUITests */ = {
			isa = PBXGroup;
			children = (
				95AF750C211D24E600D76D10 /* CTCategoriesUITests.m */,
				95AF750E211D24E600D76D10 /* Info.plist */,
			);
			path = CTCategoriesUITests;
			sourceTree = "<group>";
		};
		A4C865DDBFE3918D23BA31B5 /* Frameworks */ = {
			isa = PBXGroup;
			children = (
				6DF25A68F95D5AB4B8B0E36E /* libPods-CTCategories.a */,
			);
			name = Frameworks;
			sourceTree = "<group>";
		};
/* End PBXGroup section */

/* Begin PBXNativeTarget section */
		95AF74E4211D24CF00D76D10 /* CTCategories */ = {
			isa = PBXNativeTarget;
			buildConfigurationList = 95AF7511211D24E600D76D10 /* Build configuration list for PBXNativeTarget "CTCategories" */;
			buildPhases = (
				E7F00808979D98087C2F0C6F /* [CP] Check Pods Manifest.lock */,
				95AF74E1211D24CF00D76D10 /* Sources */,
				95AF74E2211D24CF00D76D10 /* Frameworks */,
				95AF74E3211D24CF00D76D10 /* Resources */,
			);
			buildRules = (
			);
			dependencies = (
			);
			name = CTCategories;
			productName = CTCategories;
			productReference = 95AF74E5211D24CF00D76D10 /* CTCategories.app */;
			productType = "com.apple.product-type.application";
		};
		95AF74FC211D24E600D76D10 /* CTCategoriesTests */ = {
			isa = PBXNativeTarget;
			buildConfigurationList = 95AF7514211D24E600D76D10 /* Build configuration list for PBXNativeTarget "CTCategoriesTests" */;
			buildPhases = (
				95AF74F9211D24E600D76D10 /* Sources */,
				95AF74FA211D24E600D76D10 /* Frameworks */,
				95AF74FB211D24E600D76D10 /* Resources */,
			);
			buildRules = (
			);
			dependencies = (
				95AF74FF211D24E600D76D10 /* PBXTargetDependency */,
			);
			name = CTCategoriesTests;
			productName = CTCategoriesTests;
			productReference = 95AF74FD211D24E600D76D10 /* CTCategoriesTests.xctest */;
			productType = "com.apple.product-type.bundle.unit-test";
		};
		95AF7507211D24E600D76D10 /* CTCategoriesUITests */ = {
			isa = PBXNativeTarget;
			buildConfigurationList = 95AF7517211D24E600D76D10 /* Build configuration list for PBXNativeTarget "CTCategoriesUITests" */;
			buildPhases = (
				95AF7504211D24E600D76D10 /* Sources */,
				95AF7505211D24E600D76D10 /* Frameworks */,
				95AF7506211D24E600D76D10 /* Resources */,
			);
			buildRules = (
			);
			dependencies = (
				95AF750A211D24E600D76D10 /* PBXTargetDependency */,
			);
			name = CTCategoriesUITests;
			productName = CTCategoriesUITests;
			productReference = 95AF7508211D24E600D76D10 /* CTCategoriesUITests.xctest */;
			productType = "com.apple.product-type.bundle.ui-testing";
		};
/* End PBXNativeTarget section */

/* Begin PBXProject section */
		95AF74DD211D24CE00D76D10 /* Project object */ = {
			isa = PBXProject;
			attributes = {
				LastUpgradeCheck = 0940;
				ORGANIZATIONNAME = FK;
				TargetAttributes = {
					95AF74E4211D24CF00D76D10 = {
						CreatedOnToolsVersion = 9.4.1;
					};
					95AF74FC211D24E600D76D10 = {
						CreatedOnToolsVersion = 9.4.1;
						TestTargetID = 95AF74E4211D24CF00D76D10;
					};
					95AF7507211D24E600D76D10 = {
						CreatedOnToolsVersion = 9.4.1;
						TestTargetID = 95AF74E4211D24CF00D76D10;
					};
				};
			};
			buildConfigurationList = 95AF74E0211D24CE00D76D10 /* Build configuration list for PBXProject "CTCategories" */;
			compatibilityVersion = "Xcode 9.3";
			developmentRegion = en;
			hasScannedForEncodings = 0;
			knownRegions = (
				en,
				Base,
			);
			mainGroup = 95AF74DC211D24CE00D76D10;
			productRefGroup = 95AF74E6211D24CF00D76D10 /* Products */;
			projectDirPath = "";
			projectRoot = "";
			targets = (
				95AF74E4211D24CF00D76D10 /* CTCategories */,
				95AF74FC211D24E600D76D10 /* CTCategoriesTests */,
				95AF7507211D24E600D76D10 /* CTCategoriesUITests */,
			);
		};
/* End PBXProject section */

/* Begin PBXResourcesBuildPhase section */
		95AF74E3211D24CF00D76D10 /* Resources */ = {
			isa = PBXResourcesBuildPhase;
			buildActionMask = 2147483647;
			files = (
				95AF74F5211D24E600D76D10 /* LaunchScreen.storyboard in Resources */,
				95AF74F2211D24E600D76D10 /* Assets.xcassets in Resources */,
				95AF74F0211D24CF00D76D10 /* Main.storyboard in Resources */,
			);
			runOnlyForDeploymentPostprocessing = 0;
		};
		95AF74FB211D24E600D76D10 /* Resources */ = {
			isa = PBXResourcesBuildPhase;
			buildActionMask = 2147483647;
			files = (
			);
			runOnlyForDeploymentPostprocessing = 0;
		};
		95AF7506211D24E600D76D10 /* Resources */ = {
			isa = PBXResourcesBuildPhase;
			buildActionMask = 2147483647;
			files = (
			);
			runOnlyForDeploymentPostprocessing = 0;
		};
/* End PBXResourcesBuildPhase section */

/* Begin PBXShellScriptBuildPhase section */
		E7F00808979D98087C2F0C6F /* [CP] Check Pods Manifest.lock */ = {
			isa = PBXShellScriptBuildPhase;
			buildActionMask = 2147483647;
			files = (
			);
			inputPaths = (
				"${PODS_PODFILE_DIR_PATH}/Podfile.lock",
				"${PODS_ROOT}/Manifest.lock",
			);
			name = "[CP] Check Pods Manifest.lock";
			outputPaths = (
				"$(DERIVED_FILE_DIR)/Pods-CTCategories-checkManifestLockResult.txt",
			);
			runOnlyForDeploymentPostprocessing = 0;
			shellPath = /bin/sh;
			shellScript = "diff \"${PODS_PODFILE_DIR_PATH}/Podfile.lock\" \"${PODS_ROOT}/Manifest.lock\" > /dev/null\nif [ $? != 0 ] ; then\n    # print error to STDERR\n    echo \"error: The sandbox is not in sync with the Podfile.lock. Run 'pod install' or update your CocoaPods installation.\" >&2\n    exit 1\nfi\n# This output is used by Xcode 'outputs' to avoid re-running this script phase.\necho \"SUCCESS\" > \"${SCRIPT_OUTPUT_FILE_0}\"\n";
			showEnvVarsInLog = 0;
		};
/* End PBXShellScriptBuildPhase section */

/* Begin PBXSourcesBuildPhase section */
		95AF74E1211D24CF00D76D10 /* Sources */ = {
			isa = PBXSourcesBuildPhase;
			buildActionMask = 2147483647;
			files = (
				95AF74ED211D24CF00D76D10 /* ViewController.m in Sources */,
				954D864D211D66FC000E3242 /* Target_B.m in Sources */,
				954D8653211D6835000E3242 /* UIViewController+BackGroundColor.m in Sources */,
				95AF74F8211D24E600D76D10 /* main.m in Sources */,
				954D8650211D6721000E3242 /* BViewController.m in Sources */,
				95AF74EA211D24CF00D76D10 /* AppDelegate.m in Sources */,
			);
			runOnlyForDeploymentPostprocessing = 0;
		};
		95AF74F9211D24E600D76D10 /* Sources */ = {
			isa = PBXSourcesBuildPhase;
			buildActionMask = 2147483647;
			files = (
				95AF7502211D24E600D76D10 /* CTCategoriesTests.m in Sources */,
			);
			runOnlyForDeploymentPostprocessing = 0;
		};
		95AF7504211D24E600D76D10 /* Sources */ = {
			isa = PBXSourcesBuildPhase;
			buildActionMask = 2147483647;
			files = (
				95AF750D211D24E600D76D10 /* CTCategoriesUITests.m in Sources */,
			);
			runOnlyForDeploymentPostprocessing = 0;
		};
/* End PBXSourcesBuildPhase section */

/* Begin PBXTargetDependency section */
		95AF74FF211D24E600D76D10 /* PBXTargetDependency */ = {
			isa = PBXTargetDependency;
			target = 95AF74E4211D24CF00D76D10 /* CTCategories */;
			targetProxy = 95AF74FE211D24E600D76D10 /* PBXContainerItemProxy */;
		};
		95AF750A211D24E600D76D10 /* PBXTargetDependency */ = {
			isa = PBXTargetDependency;
			target = 95AF74E4211D24CF00D76D10 /* CTCategories */;
			targetProxy = 95AF7509211D24E600D76D10 /* PBXContainerItemProxy */;
		};
/* End PBXTargetDependency section */

/* Begin PBXVariantGroup section */
		95AF74EE211D24CF00D76D10 /* Main.storyboard */ = {
			isa = PBXVariantGroup;
			children = (
				95AF74EF211D24CF00D76D10 /* Base */,
			);
			name = Main.storyboard;
			sourceTree = "<group>";
		};
		95AF74F3211D24E600D76D10 /* LaunchScreen.storyboard */ = {
			isa = PBXVariantGroup;
			children = (
				95AF74F4211D24E600D76D10 /* Base */,
			);
			name = LaunchScreen.storyboard;
			sourceTree = "<group>";
		};
/* End PBXVariantGroup section */

/* Begin XCBuildConfiguration section */
		95AF750F211D24E600D76D10 /* Debug */ = {
			isa = XCBuildConfiguration;
			buildSettings = {
				ALWAYS_SEARCH_USER_PATHS = NO;
				CLANG_ANALYZER_NONNULL = YES;
				CLANG_ANALYZER_NUMBER_OBJECT_CONVERSION = YES_AGGRESSIVE;
				CLANG_CXX_LANGUAGE_STANDARD = "gnu++14";
				CLANG_CXX_LIBRARY = "libc++";
				CLANG_ENABLE_MODULES = YES;
				CLANG_ENABLE_OBJC_ARC = YES;
				CLANG_ENABLE_OBJC_WEAK = YES;
				CLANG_WARN_BLOCK_CAPTURE_AUTORELEASING = YES;
				CLANG_WARN_BOOL_CONVERSION = YES;
				CLANG_WARN_COMMA = YES;
				CLANG_WARN_CONSTANT_CONVERSION = YES;
				CLANG_WARN_DEPRECATED_OBJC_IMPLEMENTATIONS = YES;
				CLANG_WARN_DIRECT_OBJC_ISA_USAGE = YES_ERROR;
				CLANG_WARN_DOCUMENTATION_COMMENTS = YES;
				CLANG_WARN_EMPTY_BODY = YES;
				CLANG_WARN_ENUM_CONVERSION = YES;
				CLANG_WARN_INFINITE_RECURSION = YES;
				CLANG_WARN_INT_CONVERSION = YES;
				CLANG_WARN_NON_LITERAL_NULL_CONVERSION = YES;
				CLANG_WARN_OBJC_IMPLICIT_RETAIN_SELF = YES;
				CLANG_WARN_OBJC_LITERAL_CONVERSION = YES;
				CLANG_WARN_OBJC_ROOT_CLASS = YES_ERROR;
				CLANG_WARN_RANGE_LOOP_ANALYSIS = YES;
				CLANG_WARN_STRICT_PROTOTYPES = YES;
				CLANG_WARN_SUSPICIOUS_MOVE = YES;
				CLANG_WARN_UNGUARDED_AVAILABILITY = YES_AGGRESSIVE;
				CLANG_WARN_UNREACHABLE_CODE = YES;
				CLANG_WARN__DUPLICATE_METHOD_MATCH = YES;
				CODE_SIGN_IDENTITY = "iPhone Developer";
				COPY_PHASE_STRIP = NO;
				DEBUG_INFORMATION_FORMAT = dwarf;
				ENABLE_STRICT_OBJC_MSGSEND = YES;
				ENABLE_TESTABILITY = YES;
				GCC_C_LANGUAGE_STANDARD = gnu11;
				GCC_DYNAMIC_NO_PIC = NO;
				GCC_NO_COMMON_BLOCKS = YES;
				GCC_OPTIMIZATION_LEVEL = 0;
				GCC_PREPROCESSOR_DEFINITIONS = (
					"DEBUG=1",
					"$(inherited)",
				);
				GCC_WARN_64_TO_32_BIT_CONVERSION = YES;
				GCC_WARN_ABOUT_RETURN_TYPE = YES_ERROR;
				GCC_WARN_UNDECLARED_SELECTOR = YES;
				GCC_WARN_UNINITIALIZED_AUTOS = YES_AGGRESSIVE;
				GCC_WARN_UNUSED_FUNCTION = YES;
				GCC_WARN_UNUSED_VARIABLE = YES;
				IPHONEOS_DEPLOYMENT_TARGET = 11.4;
				MTL_ENABLE_DEBUG_INFO = YES;
				ONLY_ACTIVE_ARCH = YES;
				SDKROOT = iphoneos;
			};
			name = Debug;
		};
		95AF7510211D24E600D76D10 /* Release */ = {
			isa = XCBuildConfiguration;
			buildSettings = {
				ALWAYS_SEARCH_USER_PATHS = NO;
				CLANG_ANALYZER_NONNULL = YES;
				CLANG_ANALYZER_NUMBER_OBJECT_CONVERSION = YES_AGGRESSIVE;
				CLANG_CXX_LANGUAGE_STANDARD = "gnu++14";
				CLANG_CXX_LIBRARY = "libc++";
				CLANG_ENABLE_MODULES = YES;
				CLANG_ENABLE_OBJC_ARC = YES;
				CLANG_ENABLE_OBJC_WEAK = YES;
				CLANG_WARN_BLOCK_CAPTURE_AUTORELEASING = YES;
				CLANG_WARN_BOOL_CONVERSION = YES;
				CLANG_WARN_COMMA = YES;
				CLANG_WARN_CONSTANT_CONVERSION = YES;
				CLANG_WARN_DEPRECATED_OBJC_IMPLEMENTATIONS = YES;
				CLANG_WARN_DIRECT_OBJC_ISA_USAGE = YES_ERROR;
				CLANG_WARN_DOCUMENTATION_COMMENTS = YES;
				CLANG_WARN_EMPTY_BODY = YES;
				CLANG_WARN_ENUM_CONVERSION = YES;
				CLANG_WARN_INFINITE_RECURSION = YES;
				CLANG_WARN_INT_CONVERSION = YES;
				CLANG_WARN_NON_LITERAL_NULL_CONVERSION = YES;
				CLANG_WARN_OBJC_IMPLICIT_RETAIN_SELF = YES;
				CLANG_WARN_OBJC_LITERAL_CONVERSION = YES;
				CLANG_WARN_OBJC_ROOT_CLASS = YES_ERROR;
				CLANG_WARN_RANGE_LOOP_ANALYSIS = YES;
				CLANG_WARN_STRICT_PROTOTYPES = YES;
				CLANG_WARN_SUSPICIOUS_MOVE = YES;
				CLANG_WARN_UNGUARDED_AVAILABILITY = YES_AGGRESSIVE;
				CLANG_WARN_UNREACHABLE_CODE = YES;
				CLANG_WARN__DUPLICATE_METHOD_MATCH = YES;
				CODE_SIGN_IDENTITY = "iPhone Developer";
				COPY_PHASE_STRIP = NO;
				DEBUG_INFORMATION_FORMAT = "dwarf-with-dsym";
				ENABLE_NS_ASSERTIONS = NO;
				ENABLE_STRICT_OBJC_MSGSEND = YES;
				GCC_C_LANGUAGE_STANDARD = gnu11;
				GCC_NO_COMMON_BLOCKS = YES;
				GCC_WARN_64_TO_32_BIT_CONVERSION = YES;
				GCC_WARN_ABOUT_RETURN_TYPE = YES_ERROR;
				GCC_WARN_UNDECLARED_SELECTOR = YES;
				GCC_WARN_UNINITIALIZED_AUTOS = YES_AGGRESSIVE;
				GCC_WARN_UNUSED_FUNCTION = YES;
				GCC_WARN_UNUSED_VARIABLE = YES;
				IPHONEOS_DEPLOYMENT_TARGET = 11.4;
				MTL_ENABLE_DEBUG_INFO = NO;
				SDKROOT = iphoneos;
				VALIDATE_PRODUCT = YES;
			};
			name = Release;
		};
		95AF7512211D24E600D76D10 /* Debug */ = {
			isa = XCBuildConfiguration;
			baseConfigurationReference = 2BF30BD6403883569681008A /* Pods-CTCategories.debug.xcconfig */;
			buildSettings = {
				ASSETCATALOG_COMPILER_APPICON_NAME = AppIcon;
				CODE_SIGN_STYLE = Automatic;
				DEVELOPMENT_TEAM = 95N79HJV5B;
				INFOPLIST_FILE = CTCategories/Info.plist;
				LD_RUNPATH_SEARCH_PATHS = (
					"$(inherited)",
					"@executable_path/Frameworks",
				);
				PRODUCT_BUNDLE_IDENTIFIER = com.CTCategories;
				PRODUCT_NAME = "$(TARGET_NAME)";
				TARGETED_DEVICE_FAMILY = "1,2";
			};
			name = Debug;
		};
		95AF7513211D24E600D76D10 /* Release */ = {
			isa = XCBuildConfiguration;
			baseConfigurationReference = D571FED52878649D20C1A2D0 /* Pods-CTCategories.release.xcconfig */;
			buildSettings = {
				ASSETCATALOG_COMPILER_APPICON_NAME = AppIcon;
				CODE_SIGN_STYLE = Automatic;
				DEVELOPMENT_TEAM = 95N79HJV5B;
				INFOPLIST_FILE = CTCategories/Info.plist;
				LD_RUNPATH_SEARCH_PATHS = (
					"$(inherited)",
					"@executable_path/Frameworks",
				);
				PRODUCT_BUNDLE_IDENTIFIER = com.CTCategories;
				PRODUCT_NAME = "$(TARGET_NAME)";
				TARGETED_DEVICE_FAMILY = "1,2";
			};
			name = Release;
		};
		95AF7515211D24E600D76D10 /* Debug */ = {
			isa = XCBuildConfiguration;
			buildSettings = {
				BUNDLE_LOADER = "$(TEST_HOST)";
				CODE_SIGN_STYLE = Automatic;
				DEVELOPMENT_TEAM = 95N79HJV5B;
				INFOPLIST_FILE = CTCategoriesTests/Info.plist;
				LD_RUNPATH_SEARCH_PATHS = (
					"$(inherited)",
					"@executable_path/Frameworks",
					"@loader_path/Frameworks",
				);
				PRODUCT_BUNDLE_IDENTIFIER = com.CTCategoriesTests;
				PRODUCT_NAME = "$(TARGET_NAME)";
				TARGETED_DEVICE_FAMILY = "1,2";
				TEST_HOST = "$(BUILT_PRODUCTS_DIR)/CTCategories.app/CTCategories";
			};
			name = Debug;
		};
		95AF7516211D24E600D76D10 /* Release */ = {
			isa = XCBuildConfiguration;
			buildSettings = {
				BUNDLE_LOADER = "$(TEST_HOST)";
				CODE_SIGN_STYLE = Automatic;
				DEVELOPMENT_TEAM = 95N79HJV5B;
				INFOPLIST_FILE = CTCategoriesTests/Info.plist;
				LD_RUNPATH_SEARCH_PATHS = (
					"$(inherited)",
					"@executable_path/Frameworks",
					"@loader_path/Frameworks",
				);
				PRODUCT_BUNDLE_IDENTIFIER = com.CTCategoriesTests;
				PRODUCT_NAME = "$(TARGET_NAME)";
				TARGETED_DEVICE_FAMILY = "1,2";
				TEST_HOST = "$(BUILT_PRODUCTS_DIR)/CTCategories.app/CTCategories";
			};
			name = Release;
		};
		95AF7518211D24E600D76D10 /* Debug */ = {
			isa = XCBuildConfiguration;
			buildSettings = {
				CODE_SIGN_STYLE = Automatic;
				DEVELOPMENT_TEAM = 95N79HJV5B;
				INFOPLIST_FILE = CTCategoriesUITests/Info.plist;
				LD_RUNPATH_SEARCH_PATHS = (
					"$(inherited)",
					"@executable_path/Frameworks",
					"@loader_path/Frameworks",
				);
				PRODUCT_BUNDLE_IDENTIFIER = com.CTCategoriesUITests;
				PRODUCT_NAME = "$(TARGET_NAME)";
				TARGETED_DEVICE_FAMILY = "1,2";
				TEST_TARGET_NAME = CTCategories;
			};
			name = Debug;
		};
		95AF7519211D24E600D76D10 /* Release */ = {
			isa = XCBuildConfiguration;
			buildSettings = {
				CODE_SIGN_STYLE = Automatic;
				DEVELOPMENT_TEAM = 95N79HJV5B;
				INFOPLIST_FILE = CTCategoriesUITests/Info.plist;
				LD_RUNPATH_SEARCH_PATHS = (
					"$(inherited)",
					"@executable_path/Frameworks",
					"@loader_path/Frameworks",
				);
				PRODUCT_BUNDLE_IDENTIFIER = com.CTCategoriesUITests;
				PRODUCT_NAME = "$(TARGET_NAME)";
				TARGETED_DEVICE_FAMILY = "1,2";
				TEST_TARGET_NAME = CTCategories;
			};
			name = Release;
		};
/* End XCBuildConfiguration section */

/* Begin XCConfigurationList section */
		95AF74E0211D24CE00D76D10 /* Build configuration list for PBXProject "CTCategories" */ = {
			isa = XCConfigurationList;
			buildConfigurations = (
				95AF750F211D24E600D76D10 /* Debug */,
				95AF7510211D24E600D76D10 /* Release */,
			);
			defaultConfigurationIsVisible = 0;
			defaultConfigurationName = Release;
		};
		95AF7511211D24E600D76D10 /* Build configuration list for PBXNativeTarget "CTCategories" */ = {
			isa = XCConfigurationList;
			buildConfigurations = (
				95AF7512211D24E600D76D10 /* Debug */,
				95AF7513211D24E600D76D10 /* Release */,
			);
			defaultConfigurationIsVisible = 0;
			defaultConfigurationName = Release;
		};
		95AF7514211D24E600D76D10 /* Build configuration list for PBXNativeTarget "CTCategoriesTests" */ = {
			isa = XCConfigurationList;
			buildConfigurations = (
				95AF7515211D24E600D76D10 /* Debug */,
				95AF7516211D24E600D76D10 /* Release */,
			);
			defaultConfigurationIsVisible = 0;
			defaultConfigurationName = Release;
		};
		95AF7517211D24E600D76D10 /* Build configuration list for PBXNativeTarget "CTCategoriesUITests" */ = {
			isa = XCConfigurationList;
			buildConfigurations = (
				95AF7518211D24E600D76D10 /* Debug */,
				95AF7519211D24E600D76D10 /* Release */,
			);
			defaultConfigurationIsVisible = 0;
			defaultConfigurationName = Release;
		};
/* End XCConfigurationList section */
	};
	rootObject = 95AF74DD211D24CE00D76D10 /* Project object */;
}
